PODS:
  - SnapKit (5.0.1)
  - SwiftHash (2.0.2)
  - SwiftLint (0.42.0)
  - VandMarvelAPI (0.1.0):
    - SwiftHash
    - VandMarvelAPI/Classes (= 0.1.0)
  - VandMarvelAPI/Classes (0.1.0):
    - SwiftHash

DEPENDENCIES:
  - SnapKit (~> 5.0.0)
  - SwiftHash
  - SwiftLint
  - VandMarvelAPI (from `../`)

SPEC REPOS:
  trunk:
    - SnapKit
    - SwiftHash
    - SwiftLint

EXTERNAL SOURCES:
  VandMarvelAPI:
    :path: "../"

SPEC CHECKSUMS:
  SnapKit: 97b92857e3df3a0c71833cce143274bf6ef8e5eb
  SwiftHash: 6d312abe61c8359bdef8d0093642f3a70b1c17ba
  SwiftLint: 4fa9579c63416865179bc416f0a92d55f009600d
  VandMarvelAPI: 7308355482f8cd9d04edb2174b392d8f0e5c1421

PODFILE CHECKSUM: 1649bfa6e2264867e31556a8bac75e9ef697eb2b

COCOAPODS: 1.10.1
